{
  "version": 4,
  "terraform_version": "0.14.6",
  "serial": 30,
  "lineage": "ffeab4db-2678-0b95-5a4a-224a8e9679b7",
  "outputs": {},
  "resources": [
    {
      "mode": "data",
      "type": "aws_organizations_organization",
      "name": "main",
      "provider": "provider[\"registry.terraform.io/hashicorp/aws\"].root",
      "instances": [
        {
          "schema_version": 0,
          "attributes": {
            "accounts": [
              {
                "arn": "arn:aws:organizations::668123239304:account/o-s1cc71u89s/668123239304",
                "email": "kiessling.manuel+aws-herodot-root@gmail.com",
                "id": "668123239304",
                "name": "herodot-root",
                "status": "ACTIVE"
              },
              {
                "arn": "arn:aws:organizations::668123239304:account/o-s1cc71u89s/507397081639",
                "email": "kiessling.manuel+aws-herodot-org-iam@gmail.com",
                "id": "507397081639",
                "name": "herodot-org-iam",
                "status": "ACTIVE"
              },
              {
                "arn": "arn:aws:organizations::668123239304:account/o-s1cc71u89s/829748688443",
                "email": "kiessling.manuel+aws-herodot-infra-company-prod@gmail.com",
                "id": "829748688443",
                "name": "herodot-infra-company-prod",
                "status": "ACTIVE"
              },
              {
                "arn": "arn:aws:organizations::668123239304:account/o-s1cc71u89s/230024871185",
                "email": "kiessling.manuel+aws-herodot-infra-webapp-prod@gmail.com",
                "id": "230024871185",
                "name": "herodot-infra-webapp-prod",
                "status": "ACTIVE"
              }
            ],
            "arn": "arn:aws:organizations::668123239304:organization/o-s1cc71u89s",
            "aws_service_access_principals": [
              "access-analyzer.amazonaws.com"
            ],
            "enabled_policy_types": [
              "SERVICE_CONTROL_POLICY"
            ],
            "feature_set": "ALL",
            "id": "o-s1cc71u89s",
            "master_account_arn": "arn:aws:organizations::668123239304:account/o-s1cc71u89s/668123239304",
            "master_account_email": "kiessling.manuel+aws-herodot-root@gmail.com",
            "master_account_id": "668123239304",
            "non_master_accounts": [
              {
                "arn": "arn:aws:organizations::668123239304:account/o-s1cc71u89s/507397081639",
                "email": "kiessling.manuel+aws-herodot-org-iam@gmail.com",
                "id": "507397081639",
                "name": "herodot-org-iam",
                "status": "ACTIVE"
              },
              {
                "arn": "arn:aws:organizations::668123239304:account/o-s1cc71u89s/829748688443",
                "email": "kiessling.manuel+aws-herodot-infra-company-prod@gmail.com",
                "id": "829748688443",
                "name": "herodot-infra-company-prod",
                "status": "ACTIVE"
              },
              {
                "arn": "arn:aws:organizations::668123239304:account/o-s1cc71u89s/230024871185",
                "email": "kiessling.manuel+aws-herodot-infra-webapp-prod@gmail.com",
                "id": "230024871185",
                "name": "herodot-infra-webapp-prod",
                "status": "ACTIVE"
              }
            ],
            "roots": [
              {
                "arn": "arn:aws:organizations::668123239304:root/o-s1cc71u89s/r-m6q6",
                "id": "r-m6q6",
                "name": "Root",
                "policy_types": [
                  {
                    "status": "ENABLED",
                    "type": "SERVICE_CONTROL_POLICY"
                  }
                ]
              }
            ]
          },
          "sensitive_attributes": []
        }
      ]
    },
    {
      "mode": "data",
      "type": "aws_organizations_organizational_units",
      "name": "org",
      "provider": "provider[\"registry.terraform.io/hashicorp/aws\"].root",
      "instances": [
        {
          "schema_version": 0,
          "attributes": {
            "children": [
              {
                "arn": "arn:aws:organizations::668123239304:ou/o-s1cc71u89s/ou-m6q6-ndyb7t62",
                "id": "ou-m6q6-ndyb7t62",
                "name": "infra"
              },
              {
                "arn": "arn:aws:organizations::668123239304:ou/o-s1cc71u89s/ou-m6q6-uk9q5vq6",
                "id": "ou-m6q6-uk9q5vq6",
                "name": "org"
              }
            ],
            "id": "r-m6q6",
            "parent_id": "r-m6q6"
          },
          "sensitive_attributes": []
        }
      ]
    },
    {
      "mode": "managed",
      "type": "aws_iam_group",
      "name": "accountmanagers_org_iam",
      "provider": "provider[\"registry.terraform.io/hashicorp/aws\"].org_iam",
      "instances": [
        {
          "schema_version": 0,
          "attributes": {
            "arn": "arn:aws:iam::507397081639:group/AccountManagers",
            "id": "AccountManagers",
            "name": "AccountManagers",
            "path": "/",
            "unique_id": "AGPAXMIZZBIT4IATIZXCN"
          },
          "sensitive_attributes": [],
          "private": "bnVsbA=="
        }
      ]
    },
    {
      "mode": "managed",
      "type": "aws_iam_group_policy_attachment",
      "name": "accountmanagers_org_iam",
      "provider": "provider[\"registry.terraform.io/hashicorp/aws\"].org_iam",
      "instances": [
        {
          "schema_version": 0,
          "attributes": {
            "group": "AccountManagers",
            "id": "AccountManagers-20210324110212437300000004",
            "policy_arn": "arn:aws:iam::507397081639:policy/terraform-20210324110209602000000001"
          },
          "sensitive_attributes": [],
          "private": "bnVsbA==",
          "dependencies": [
            "aws_iam_group.accountmanagers_org_iam",
            "aws_iam_policy.accountmanagement_org_iam"
          ]
        }
      ]
    },
    {
      "mode": "managed",
      "type": "aws_iam_policy",
      "name": "accountmanagement_org_iam",
      "provider": "provider[\"registry.terraform.io/hashicorp/aws\"].org_iam",
      "instances": [
        {
          "schema_version": 0,
          "attributes": {
            "arn": "arn:aws:iam::507397081639:policy/terraform-20210324110209602000000001",
            "description": "",
            "id": "arn:aws:iam::507397081639:policy/terraform-20210324110209602000000001",
            "name": "terraform-20210324110209602000000001",
            "name_prefix": null,
            "path": "/",
            "policy": "{\n  \"Version\": \"2012-10-17\",\n  \"Statement\": [\n    {\n      \"Effect\": \"Allow\",\n      \"Action\": \"*\",\n      \"Resource\": \"*\"\n    }\n  ]\n}\n"
          },
          "sensitive_attributes": [],
          "private": "bnVsbA=="
        }
      ]
    },
    {
      "mode": "managed",
      "type": "aws_iam_user",
      "name": "accountmanager_org_iam",
      "provider": "provider[\"registry.terraform.io/hashicorp/aws\"].org_iam",
      "instances": [
        {
          "schema_version": 0,
          "attributes": {
            "arn": "arn:aws:iam::507397081639:user/AccountManager",
            "force_destroy": false,
            "id": "AccountManager",
            "name": "AccountManager",
            "path": "/",
            "permissions_boundary": null,
            "tags": {},
            "unique_id": "AIDAXMIZZBIT27DMDHKWE"
          },
          "sensitive_attributes": [],
          "private": "bnVsbA=="
        }
      ]
    },
    {
      "mode": "managed",
      "type": "aws_iam_user_group_membership",
      "name": "accountmanager_org_iam",
      "provider": "provider[\"registry.terraform.io/hashicorp/aws\"].org_iam",
      "instances": [
        {
          "schema_version": 0,
          "attributes": {
            "groups": [
              "AccountManagers"
            ],
            "id": "terraform-20210324110210936800000002",
            "user": "AccountManager"
          },
          "sensitive_attributes": [],
          "private": "bnVsbA==",
          "dependencies": [
            "aws_iam_group.accountmanagers_org_iam",
            "aws_iam_user.accountmanager_org_iam"
          ]
        }
      ]
    },
    {
      "mode": "managed",
      "type": "aws_organizations_policy",
      "name": "full_limit",
      "provider": "provider[\"registry.terraform.io/hashicorp/aws\"].root",
      "instances": [
        {
          "schema_version": 0,
          "attributes": {
            "arn": "arn:aws:organizations::668123239304:policy/o-s1cc71u89s/service_control_policy/p-4r3ngppb",
            "content": "{\n  \"Version\": \"2012-10-17\",\n  \"Statement\": [\n    {\n      \"Sid\": \"FullLimit\",\n      \"Effect\": \"Deny\",\n      \"NotAction\": [\n        \"iam:*\",\n        \"awsbillingconsole:*\",\n        \"sts:*\",\n        \"organizations:*\",\n        \"budgets:*\",\n        \"support:*\",\n        \"access-analyzer:*\"\n      ],\n      \"Resource\": \"*\"\n    }\n  ]\n}\n",
            "description": "",
            "id": "p-4r3ngppb",
            "name": "FullLimit",
            "tags": {},
            "type": "SERVICE_CONTROL_POLICY"
          },
          "sensitive_attributes": [],
          "private": "bnVsbA=="
        }
      ]
    },
    {
      "mode": "managed",
      "type": "aws_organizations_policy",
      "name": "infra_ec2_instance_type_limit",
      "provider": "provider[\"registry.terraform.io/hashicorp/aws\"].root",
      "instances": [
        {
          "schema_version": 0,
          "attributes": {
            "arn": "arn:aws:organizations::668123239304:policy/o-s1cc71u89s/service_control_policy/p-5xa037wx",
            "content": "{\n  \"Version\": \"2012-10-17\",\n  \"Statement\": [\n    {\n      \"Sid\": \"InfraEC2InstanceTypeLimit\",\n      \"Effect\": \"Deny\",\n      \"Action\": \"ec2:RunInstances\",\n      \"Resource\": \"arn:aws:ec2:*:*:instance/*\",\n      \"Condition\": {\n        \"StringNotEquals\": {\n          \"ec2:InstanceType\": [\n            \"t2.nano\",\n            \"t3.small\",\n            \"c5.xlarge\",\n            \"m5.8xlarge\"\n          ]\n        }\n      }\n    }\n  ]\n}\n",
            "description": "",
            "id": "p-5xa037wx",
            "name": "InfraEC2InstanceTypeLimit",
            "tags": {},
            "type": "SERVICE_CONTROL_POLICY"
          },
          "sensitive_attributes": [],
          "private": "bnVsbA=="
        }
      ]
    },
    {
      "mode": "managed",
      "type": "aws_organizations_policy",
      "name": "infra_ec2_region_limit",
      "provider": "provider[\"registry.terraform.io/hashicorp/aws\"].root",
      "instances": [
        {
          "schema_version": 0,
          "attributes": {
            "arn": "arn:aws:organizations::668123239304:policy/o-s1cc71u89s/service_control_policy/p-1tpj6m5c",
            "content": "{\n  \"Version\": \"2012-10-17\",\n  \"Statement\": [\n    {\n      \"Sid\": \"InfraEC2RegionLimit\",\n      \"Effect\": \"Deny\",\n      \"Action\": \"ec2:*\",\n      \"Resource\": \"*\"\n    }\n  ]\n}\n",
            "description": "",
            "id": "p-1tpj6m5c",
            "name": "InfraEC2RegionLimit",
            "tags": {},
            "type": "SERVICE_CONTROL_POLICY"
          },
          "sensitive_attributes": [],
          "private": "bnVsbA=="
        }
      ]
    },
    {
      "mode": "managed",
      "type": "aws_organizations_policy",
      "name": "org_ec2_limit",
      "provider": "provider[\"registry.terraform.io/hashicorp/aws\"].root",
      "instances": [
        {
          "schema_version": 0,
          "attributes": {
            "arn": "arn:aws:organizations::668123239304:policy/o-s1cc71u89s/service_control_policy/p-lklbtrgp",
            "content": "{\n  \"Version\": \"2012-10-17\",\n  \"Statement\": [\n    {\n      \"Sid\": \"OrgEC2Limit\",\n      \"Effect\": \"Deny\",\n      \"Action\": \"ec2:*\",\n      \"Resource\": \"*\"\n    }\n  ]\n}\n",
            "description": "",
            "id": "p-lklbtrgp",
            "name": "OrgEC2Limit",
            "tags": {},
            "type": "SERVICE_CONTROL_POLICY"
          },
          "sensitive_attributes": [],
          "private": "bnVsbA=="
        }
      ]
    },
    {
      "mode": "managed",
      "type": "aws_organizations_policy",
      "name": "regions_limit",
      "provider": "provider[\"registry.terraform.io/hashicorp/aws\"].root",
      "instances": [
        {
          "schema_version": 0,
          "attributes": {
            "arn": "arn:aws:organizations::668123239304:policy/o-s1cc71u89s/service_control_policy/p-7et98fiq",
            "content": "{\n    \"Version\": \"2012-10-17\",\n    \"Statement\": [\n        {\n            \"Sid\": \"RegionsLimit\",\n            \"Effect\": \"Deny\",\n            \"NotAction\": [\n                \"a4b:*\",\n                \"acm:*\",\n                \"aws-marketplace-management:*\",\n                \"aws-marketplace:*\",\n                \"aws-portal:*\",\n                \"awsbillingconsole:*\",\n                \"budgets:*\",\n                \"ce:*\",\n                \"chime:*\",\n                \"cloudfront:*\",\n                \"config:*\",\n                \"cur:*\",\n                \"directconnect:*\",\n                \"ec2:DescribeRegions\",\n                \"ec2:DescribeTransitGateways\",\n                \"ec2:DescribeVpnGateways\",\n                \"fms:*\",\n                \"globalaccelerator:*\",\n                \"health:*\",\n                \"iam:*\",\n                \"importexport:*\",\n                \"kms:*\",\n                \"mobileanalytics:*\",\n                \"networkmanager:*\",\n                \"organizations:*\",\n                \"pricing:*\",\n                \"route53:*\",\n                \"route53domains:*\",\n                \"s3:GetAccountPublic*\",\n                \"s3:ListAllMyBuckets\",\n                \"s3:PutAccountPublic*\",\n                \"shield:*\",\n                \"sts:*\",\n                \"support:*\",\n                \"trustedadvisor:*\",\n                \"waf-regional:*\",\n                \"waf:*\",\n                \"wafv2:*\",\n                \"wellarchitected:*\"\n            ],\n            \"Resource\": \"*\",\n            \"Condition\": {\n                \"StringNotEquals\": {\n                    \"aws:RequestedRegion\": [\n                        \"us-east-1\",\n                        \"eu-central-1\",\n                        \"eu-west-1\"\n                    ]\n                }\n            }\n        }\n    ]\n}\n",
            "description": "",
            "id": "p-7et98fiq",
            "name": "RegionsLimit",
            "tags": {},
            "type": "SERVICE_CONTROL_POLICY"
          },
          "sensitive_attributes": [],
          "private": "bnVsbA=="
        }
      ]
    },
    {
      "mode": "managed",
      "type": "aws_organizations_policy_attachment",
      "name": "full_limit_to_org_iam_account",
      "provider": "provider[\"registry.terraform.io/hashicorp/aws\"].root",
      "instances": [
        {
          "schema_version": 0,
          "attributes": {
            "id": "507397081639:p-4r3ngppb",
            "policy_id": "p-4r3ngppb",
            "target_id": "507397081639"
          },
          "sensitive_attributes": [],
          "private": "bnVsbA==",
          "dependencies": [
            "aws_organizations_policy.full_limit"
          ]
        }
      ]
    },
    {
      "mode": "managed",
      "type": "aws_organizations_policy_attachment",
      "name": "org_ec2_limit_to_org_ou",
      "provider": "provider[\"registry.terraform.io/hashicorp/aws\"].root",
      "instances": [
        {
          "schema_version": 0,
          "attributes": {
            "id": "r-m6q6:p-lklbtrgp",
            "policy_id": "p-lklbtrgp",
            "target_id": "r-m6q6"
          },
          "sensitive_attributes": [],
          "private": "bnVsbA==",
          "dependencies": [
            "aws_organizations_policy.org_ec2_limit",
            "data.aws_organizations_organization.main",
            "data.aws_organizations_organizational_units.org"
          ]
        }
      ]
    },
    {
      "module": "module.allow-accountmanagers-in-org-iam-to-assume-accountmanager-in-company-infra-prod",
      "mode": "managed",
      "type": "aws_iam_group_policy_attachment",
      "name": "allow_to_assume_role_in_targetaccount",
      "provider": "provider[\"registry.terraform.io/hashicorp/aws\"].org_iam",
      "instances": [
        {
          "schema_version": 0,
          "attributes": {
            "group": "AccountManagers",
            "id": "AccountManagers-20210324180806166700000001",
            "policy_arn": "arn:aws:iam::507397081639:policy/allow-assume-role-AccountManager-in-herodot-infra-company-prod"
          },
          "sensitive_attributes": [],
          "private": "bnVsbA==",
          "dependencies": [
            "module.allow-accountmanagers-in-org-iam-to-assume-accountmanager-in-company-infra-prod.aws_iam_policy.allow_to_assume_role_in_targetaccount"
          ]
        }
      ]
    },
    {
      "module": "module.allow-accountmanagers-in-org-iam-to-assume-accountmanager-in-company-infra-prod",
      "mode": "managed",
      "type": "aws_iam_policy",
      "name": "allow_to_assume_role_in_targetaccount",
      "provider": "provider[\"registry.terraform.io/hashicorp/aws\"].org_iam",
      "instances": [
        {
          "schema_version": 0,
          "attributes": {
            "arn": "arn:aws:iam::507397081639:policy/allow-assume-role-AccountManager-in-herodot-infra-company-prod",
            "description": "",
            "id": "arn:aws:iam::507397081639:policy/allow-assume-role-AccountManager-in-herodot-infra-company-prod",
            "name": "allow-assume-role-AccountManager-in-herodot-infra-company-prod",
            "name_prefix": null,
            "path": "/",
            "policy": "{\n    \"Version\": \"2012-10-17\",\n    \"Statement\": [\n        {\n            \"Effect\": \"Allow\",\n            \"Action\": \"sts:AssumeRole\",\n            \"Resource\": \"arn:aws:iam::230024871185:role/AccountManager\"\n        }\n    ]\n}\n"
          },
          "sensitive_attributes": [],
          "private": "bnVsbA=="
        }
      ]
    },
    {
      "module": "module.allow-accountmanagers-in-org-iam-to-assume-accountmanager-in-webapp-infra-prod",
      "mode": "managed",
      "type": "aws_iam_group_policy_attachment",
      "name": "allow_to_assume_role_in_targetaccount",
      "provider": "provider[\"registry.terraform.io/hashicorp/aws\"].org_iam",
      "instances": [
        {
          "schema_version": 0,
          "attributes": {
            "group": "AccountManagers",
            "id": "AccountManagers-20210324180809731000000002",
            "policy_arn": "arn:aws:iam::507397081639:policy/allow-assume-role-AccountManager-in-herodot-infra-webapp-prod"
          },
          "sensitive_attributes": [],
          "private": "bnVsbA==",
          "dependencies": [
            "module.allow-accountmanagers-in-org-iam-to-assume-accountmanager-in-webapp-infra-prod.aws_iam_policy.allow_to_assume_role_in_targetaccount"
          ]
        }
      ]
    },
    {
      "module": "module.allow-accountmanagers-in-org-iam-to-assume-accountmanager-in-webapp-infra-prod",
      "mode": "managed",
      "type": "aws_iam_policy",
      "name": "allow_to_assume_role_in_targetaccount",
      "provider": "provider[\"registry.terraform.io/hashicorp/aws\"].org_iam",
      "instances": [
        {
          "schema_version": 0,
          "attributes": {
            "arn": "arn:aws:iam::507397081639:policy/allow-assume-role-AccountManager-in-herodot-infra-webapp-prod",
            "description": "",
            "id": "arn:aws:iam::507397081639:policy/allow-assume-role-AccountManager-in-herodot-infra-webapp-prod",
            "name": "allow-assume-role-AccountManager-in-herodot-infra-webapp-prod",
            "name_prefix": null,
            "path": "/",
            "policy": "{\n    \"Version\": \"2012-10-17\",\n    \"Statement\": [\n        {\n            \"Effect\": \"Allow\",\n            \"Action\": \"sts:AssumeRole\",\n            \"Resource\": \"arn:aws:iam::230024871185:role/AccountManager\"\n        }\n    ]\n}\n"
          },
          "sensitive_attributes": [],
          "private": "bnVsbA=="
        }
      ]
    },
    {
      "module": "module.create-accountmanager-role-with-policy-in-company-infra-prod-assumable-from-org-iam",
      "mode": "managed",
      "type": "aws_iam_policy",
      "name": "default",
      "provider": "provider[\"registry.terraform.io/hashicorp/aws\"].infra_company_prod",
      "instances": [
        {
          "schema_version": 0,
          "attributes": {
            "arn": "arn:aws:iam::829748688443:policy/AccountManagement",
            "description": "",
            "id": "arn:aws:iam::829748688443:policy/AccountManagement",
            "name": "AccountManagement",
            "name_prefix": null,
            "path": "/",
            "policy": "{\n  \"Version\": \"2012-10-17\",\n  \"Statement\": [\n    {\n      \"Effect\": \"Allow\",\n      \"Action\": \"*\",\n      \"Resource\": \"*\"\n    }\n  ]\n}\n"
          },
          "sensitive_attributes": [],
          "private": "bnVsbA=="
        }
      ]
    },
    {
      "module": "module.create-accountmanager-role-with-policy-in-company-infra-prod-assumable-from-org-iam",
      "mode": "managed",
      "type": "aws_iam_role",
      "name": "default",
      "provider": "provider[\"registry.terraform.io/hashicorp/aws\"].infra_company_prod",
      "instances": [
        {
          "schema_version": 0,
          "attributes": {
            "arn": "arn:aws:iam::829748688443:role/AccountManager",
            "assume_role_policy": "{\"Version\":\"2012-10-17\",\"Statement\":[{\"Effect\":\"Allow\",\"Principal\":{\"AWS\":\"arn:aws:iam::507397081639:root\"},\"Action\":\"sts:AssumeRole\"}]}",
            "create_date": "2021-03-24T18:08:01Z",
            "description": "",
            "force_detach_policies": false,
            "id": "AccountManager",
            "inline_policy": [
              {
                "name": "",
                "policy": ""
              }
            ],
            "managed_policy_arns": [],
            "max_session_duration": 28800,
            "name": "AccountManager",
            "name_prefix": null,
            "path": "/",
            "permissions_boundary": null,
            "tags": null,
            "unique_id": "AROA4CMHAGY52R2PQTENQ"
          },
          "sensitive_attributes": [],
          "private": "bnVsbA=="
        }
      ]
    },
    {
      "module": "module.create-accountmanager-role-with-policy-in-company-infra-prod-assumable-from-org-iam",
      "mode": "managed",
      "type": "aws_iam_role_policy_attachment",
      "name": "default",
      "provider": "provider[\"registry.terraform.io/hashicorp/aws\"].infra_company_prod",
      "instances": [
        {
          "schema_version": 0,
          "attributes": {
            "id": "AccountManager-20210324180806853300000001",
            "policy_arn": "arn:aws:iam::829748688443:policy/AccountManagement",
            "role": "AccountManager"
          },
          "sensitive_attributes": [],
          "private": "bnVsbA==",
          "dependencies": [
            "module.create-accountmanager-role-with-policy-in-company-infra-prod-assumable-from-org-iam.aws_iam_policy.default",
            "module.create-accountmanager-role-with-policy-in-company-infra-prod-assumable-from-org-iam.aws_iam_role.default"
          ]
        }
      ]
    },
    {
      "module": "module.create-accountmanager-role-with-policy-in-webapp-infra-prod-assumable-from-org-iam",
      "mode": "managed",
      "type": "aws_iam_policy",
      "name": "default",
      "provider": "provider[\"registry.terraform.io/hashicorp/aws\"].infra_webapp_prod",
      "instances": [
        {
          "schema_version": 0,
          "attributes": {
            "arn": "arn:aws:iam::230024871185:policy/AccountManagement",
            "description": "",
            "id": "arn:aws:iam::230024871185:policy/AccountManagement",
            "name": "AccountManagement",
            "name_prefix": null,
            "path": "/",
            "policy": "{\n  \"Version\": \"2012-10-17\",\n  \"Statement\": [\n    {\n      \"Effect\": \"Allow\",\n      \"Action\": \"*\",\n      \"Resource\": \"*\"\n    }\n  ]\n}\n"
          },
          "sensitive_attributes": [],
          "private": "bnVsbA=="
        }
      ]
    },
    {
      "module": "module.create-accountmanager-role-with-policy-in-webapp-infra-prod-assumable-from-org-iam",
      "mode": "managed",
      "type": "aws_iam_role",
      "name": "default",
      "provider": "provider[\"registry.terraform.io/hashicorp/aws\"].infra_webapp_prod",
      "instances": [
        {
          "schema_version": 0,
          "attributes": {
            "arn": "arn:aws:iam::230024871185:role/AccountManager",
            "assume_role_policy": "{\"Version\":\"2012-10-17\",\"Statement\":[{\"Effect\":\"Allow\",\"Principal\":{\"AWS\":\"arn:aws:iam::507397081639:root\"},\"Action\":\"sts:AssumeRole\"}]}",
            "create_date": "2021-03-24T11:02:09Z",
            "description": "",
            "force_detach_policies": false,
            "id": "AccountManager",
            "inline_policy": [
              {
                "name": "",
                "policy": ""
              }
            ],
            "managed_policy_arns": [
              "arn:aws:iam::230024871185:policy/AccountManagement"
            ],
            "max_session_duration": 28800,
            "name": "AccountManager",
            "name_prefix": null,
            "path": "/",
            "permissions_boundary": null,
            "tags": {},
            "unique_id": "AROATLDUM7UISEOMVH5PL"
          },
          "sensitive_attributes": [],
          "private": "bnVsbA=="
        }
      ]
    },
    {
      "module": "module.create-accountmanager-role-with-policy-in-webapp-infra-prod-assumable-from-org-iam",
      "mode": "managed",
      "type": "aws_iam_role_policy_attachment",
      "name": "default",
      "provider": "provider[\"registry.terraform.io/hashicorp/aws\"].infra_webapp_prod",
      "instances": [
        {
          "schema_version": 0,
          "attributes": {
            "id": "AccountManager-20210324110212209900000001",
            "policy_arn": "arn:aws:iam::230024871185:policy/AccountManagement",
            "role": "AccountManager"
          },
          "sensitive_attributes": [],
          "private": "bnVsbA==",
          "dependencies": [
            "module.create-accountmanager-role-with-policy-in-webapp-infra-prod-assumable-from-org-iam.aws_iam_policy.default",
            "module.create-accountmanager-role-with-policy-in-webapp-infra-prod-assumable-from-org-iam.aws_iam_role.default"
          ]
        }
      ]
    }
  ]
}
